
Microsoft Visual Studio Solution File, Format Version 12.00
# Visual Studio Version 17
VisualStudioVersion = 17.4.33213.308
MinimumVisualStudioVersion = 10.0.40219.1
Project("{FAE04EC0-301F-11D3-BF4B-00C04F79EFBC}") = "PracticaClienteBanco", "PracticaClienteBanco\PracticaClienteBanco.csproj", "{9F3AFE8B-2651-4A14-BAA0-43D3055FE4C0}"
EndProject
Global
	GlobalSection(SolutionConfigurationPlatforms) = preSolution
		Debug|Any CPU = Debug|Any CPU
		Release|Any CPU = Release|Any CPU
	EndGlobalSection
	GlobalSection(ProjectConfigurationPlatforms) = postSolution
		{9F3AFE8B-2651-4A14-BAA0-43D3055FE4C0}.Debug|Any CPU.ActiveCfg = Debug|Any CPU
		{9F3AFE8B-2651-4A14-BAA0-43D3055FE4C0}.Debug|Any CPU.Build.0 = Debug|Any CPU
		{9F3AFE8B-2651-4A14-BAA0-43D3055FE4C0}.Release|Any CPU.ActiveCfg = Release|Any CPU
		{9F3AFE8B-2651-4A14-BAA0-43D3055FE4C0}.Release|Any CPU.Build.0 = Release|Any CPU
	EndGlobalSection
	GlobalSection(SolutionProperties) = preSolution
		HideSolutionNode = FALSE
	EndGlobalSection
	GlobalSection(ExtensibilityGlobals) = postSolution
		SolutionGuid = {5882B8C8-190D-4594-A7F2-08E80387E8F6}
	EndGlobalSection
EndGlobal
